
Microsoft Visual Studio Solution File, Format Version 12.00
# Visual Studio 15
VisualStudioVersion = 15.0.28307.1300
MinimumVisualStudioVersion = 10.0.40219.1
Project("{FAE04EC0-301F-11D3-BF4B-00C04F79EFBC}") = "ProjeAdminGiriş", "ProjeAdminGiriş\ProjeAdminGiriş.csproj", "{3E6E3F08-B075-4EC8-B406-0ABA90756A67}"
EndProject
Global
	GlobalSection(SolutionConfigurationPlatforms) = preSolution
		Debug|Any CPU = Debug|Any CPU
		Release|Any CPU = Release|Any CPU
	EndGlobalSection
	GlobalSection(ProjectConfigurationPlatforms) = postSolution
		{3E6E3F08-B075-4EC8-B406-0ABA90756A67}.Debug|Any CPU.ActiveCfg = Debug|Any CPU
		{3E6E3F08-B075-4EC8-B406-0ABA90756A67}.Debug|Any CPU.Build.0 = Debug|Any CPU
		{3E6E3F08-B075-4EC8-B406-0ABA90756A67}.Release|Any CPU.ActiveCfg = Release|Any CPU
		{3E6E3F08-B075-4EC8-B406-0ABA90756A67}.Release|Any CPU.Build.0 = Release|Any CPU
	EndGlobalSection
	GlobalSection(SolutionProperties) = preSolution
		HideSolutionNode = FALSE
	EndGlobalSection
	GlobalSection(ExtensibilityGlobals) = postSolution
		SolutionGuid = {B916E870-3A67-4EBD-AD6C-7B5E47D6992A}
	EndGlobalSection
EndGlobal
